# THIS IS AN AUTOGENERATED FILE. DO NOT EDIT THIS FILE DIRECTLY.
# yarn lockfile v1


turbo-darwin-64@2.0.1:
  version "2.0.1"
  resolved "https://registry.yarnpkg.com/turbo-darwin-64/-/turbo-darwin-64-2.0.1.tgz#33871582e4356f9bca910721c3247d5ce22018c6"
  integrity sha512-GO391pUmI6c6l/EpUIaXNzwbVDWRvYahm5oLB176dAWRYKYO+Osqs/XBdOM0G3l7ZFdR6nUtRJc8qinJp7qDUQ==

turbo-darwin-arm64@2.0.1:
  version "2.0.1"
  resolved "https://registry.yarnpkg.com/turbo-darwin-arm64/-/turbo-darwin-arm64-2.0.1.tgz#491e5b482a9840a9d50d87d87fc0ffe27023bddb"
  integrity sha512-rmjJoxeq7nmH/F2aWKapahrDE2zE2Uc15rvs4Rz6qHOzSqC8R5uyLpQyTKIPIZ95O/z9nKfLfVPyiRENuk5vpw==

turbo-linux-64@2.0.1:
  version "2.0.1"
  resolved "https://registry.yarnpkg.com/turbo-linux-64/-/turbo-linux-64-2.0.1.tgz#e523b571b746a6ed6b5d5fc6ad7b69330c630a79"
  integrity sha512-vwTOc4v4jm6tM+9WlsiDlN+zwHP8A2wlsAYiNqz2u0DZL55aCWaVdivh2VpVLN36Mr9HgREGH0Fw+jx6ObcNRg==

turbo-linux-arm64@2.0.1:
  version "2.0.1"
  resolved "https://registry.yarnpkg.com/turbo-linux-arm64/-/turbo-linux-arm64-2.0.1.tgz#6c9339050ff47fdc8fa0ca5fc6a603fe8480ce27"
  integrity sha512-DkVt76fjwY940DfmqznWhpYIlKYduvKAoTtylkERrDlcWUpDYWwqNbcf9PRRIbnjnv9lIxvuom1KZmMY+cw/Ig==

turbo-windows-64@2.0.1:
  version "2.0.1"
  resolved "https://registry.yarnpkg.com/turbo-windows-64/-/turbo-windows-64-2.0.1.tgz#7fa7f85cda2c19032e0ca43a51d14b7805a7d61e"
  integrity sha512-XskV34kYuXVIHbRbgH8jr35Y8uA6kJOQ0LJStU4jFk7piiyk0a4n2GNDymMtvIwAxYdbuTe+pKuPCThFdirHBQ==

turbo-windows-arm64@2.0.1:
  version "2.0.1"
  resolved "https://registry.yarnpkg.com/turbo-windows-arm64/-/turbo-windows-arm64-2.0.1.tgz#e842fb95338294494193a6f0feba8b525f7e6b4e"
  integrity sha512-R2/RmKr2uQxkOCtXK5LNxdD3Iv7lUm56iy2FrDwTDgPI7X7K6WRjrxdirmFIu/fABYE5n6EampU3ejbG5mmGtg==

turbo@^2.0.1:
  version "2.0.1"
  resolved "https://registry.yarnpkg.com/turbo/-/turbo-2.0.1.tgz#11e3db031bdde1869e65678d1a328cf2821e96d8"
  integrity sha512-sJhxfBaN14pYj//xxAG6zAyStkE2j4HI9JVXVMob35SGob6dz/HuSqV/4QlVqw0uKAkwc1lXIsnykbe8RLmOOw==
  optionalDependencies:
    turbo-darwin-64 "2.0.1"
    turbo-darwin-arm64 "2.0.1"
    turbo-linux-64 "2.0.1"
    turbo-linux-arm64 "2.0.1"
    turbo-windows-64 "2.0.1"
    turbo-windows-arm64 "2.0.1"
